
Microsoft Visual Studio Solution File, Format Version 12.00
# Visual Studio 15
VisualStudioVersion = 15.0.28307.1169
MinimumVisualStudioVersion = 10.0.40219.1
Project("{FAE04EC0-301F-11D3-BF4B-00C04F79EFBC}") = "presentacion", "presentacion\presentacion.csproj", "{DC33DF87-80C8-46A4-A376-39BEDD6D7A62}"
EndProject
Project("{FAE04EC0-301F-11D3-BF4B-00C04F79EFBC}") = "Dominio", "Dominio\Dominio.csproj", "{3DBDFF8D-0443-4B20-A5F6-FFC3264E7C39}"
EndProject
Project("{FAE04EC0-301F-11D3-BF4B-00C04F79EFBC}") = "DataAccess", "DataAccess\DataAccess.csproj", "{655CBF31-CB20-4ABC-867F-D6F3D25260E1}"
EndProject
Global
	GlobalSection(SolutionConfigurationPlatforms) = preSolution
		Debug|Any CPU = Debug|Any CPU
		Release|Any CPU = Release|Any CPU
	EndGlobalSection
	GlobalSection(ProjectConfigurationPlatforms) = postSolution
		{DC33DF87-80C8-46A4-A376-39BEDD6D7A62}.Debug|Any CPU.ActiveCfg = Debug|Any CPU
		{DC33DF87-80C8-46A4-A376-39BEDD6D7A62}.Debug|Any CPU.Build.0 = Debug|Any CPU
		{DC33DF87-80C8-46A4-A376-39BEDD6D7A62}.Release|Any CPU.ActiveCfg = Release|Any CPU
		{DC33DF87-80C8-46A4-A376-39BEDD6D7A62}.Release|Any CPU.Build.0 = Release|Any CPU
		{3DBDFF8D-0443-4B20-A5F6-FFC3264E7C39}.Debug|Any CPU.ActiveCfg = Debug|Any CPU
		{3DBDFF8D-0443-4B20-A5F6-FFC3264E7C39}.Debug|Any CPU.Build.0 = Debug|Any CPU
		{3DBDFF8D-0443-4B20-A5F6-FFC3264E7C39}.Release|Any CPU.ActiveCfg = Release|Any CPU
		{3DBDFF8D-0443-4B20-A5F6-FFC3264E7C39}.Release|Any CPU.Build.0 = Release|Any CPU
		{655CBF31-CB20-4ABC-867F-D6F3D25260E1}.Debug|Any CPU.ActiveCfg = Debug|Any CPU
		{655CBF31-CB20-4ABC-867F-D6F3D25260E1}.Debug|Any CPU.Build.0 = Debug|Any CPU
		{655CBF31-CB20-4ABC-867F-D6F3D25260E1}.Release|Any CPU.ActiveCfg = Release|Any CPU
		{655CBF31-CB20-4ABC-867F-D6F3D25260E1}.Release|Any CPU.Build.0 = Release|Any CPU
	EndGlobalSection
	GlobalSection(SolutionProperties) = preSolution
		HideSolutionNode = FALSE
	EndGlobalSection
	GlobalSection(ExtensibilityGlobals) = postSolution
		SolutionGuid = {0CB288E1-B966-4B00-81A1-028C2FC4E79C}
	EndGlobalSection
EndGlobal
